
Microsoft Visual Studio Solution File, Format Version 12.00
# Visual Studio Version 17
VisualStudioVersion = 17.2.32630.192
MinimumVisualStudioVersion = 10.0.40219.1
Project("{8BC9CEB8-8B4A-11D0-8D11-00A0C91BC942}") = "Project1", "Project1.vcxproj", "{B7571617-5884-4EBD-8176-F1B91CE37165}"
EndProject
Global
	GlobalSection(SolutionConfigurationPlatforms) = preSolution
		Debug|x64 = Debug|x64
		Debug|x86 = Debug|x86
		Release|x64 = Release|x64
		Release|x86 = Release|x86
	EndGlobalSection
	GlobalSection(ProjectConfigurationPlatforms) = postSolution
		{B7571617-5884-4EBD-8176-F1B91CE37165}.Debug|x64.ActiveCfg = Debug|x64
		{B7571617-5884-4EBD-8176-F1B91CE37165}.Debug|x64.Build.0 = Debug|x64
		{B7571617-5884-4EBD-8176-F1B91CE37165}.Debug|x86.ActiveCfg = Debug|Win32
		{B7571617-5884-4EBD-8176-F1B91CE37165}.Debug|x86.Build.0 = Debug|Win32
		{B7571617-5884-4EBD-8176-F1B91CE37165}.Release|x64.ActiveCfg = Release|x64
		{B7571617-5884-4EBD-8176-F1B91CE37165}.Release|x64.Build.0 = Release|x64
		{B7571617-5884-4EBD-8176-F1B91CE37165}.Release|x86.ActiveCfg = Release|Win32
		{B7571617-5884-4EBD-8176-F1B91CE37165}.Release|x86.Build.0 = Release|Win32
	EndGlobalSection
	GlobalSection(SolutionProperties) = preSolution
		HideSolutionNode = FALSE
	EndGlobalSection
	GlobalSection(ExtensibilityGlobals) = postSolution
		SolutionGuid = {FEA82C4E-A8E6-4A48-9905-99BBF8B6A7E4}
	EndGlobalSection
EndGlobal
